
Microsoft Visual Studio Solution File, Format Version 12.00
# Visual Studio Version 16
VisualStudioVersion = 16.0.29613.14
MinimumVisualStudioVersion = 10.0.40219.1
Project("{FAE04EC0-301F-11D3-BF4B-00C04F79EFBC}") = "CronJobs", "CronJobs\CronJobs.csproj", "{1D575B01-07A2-4A5E-B270-A645E9729B68}"
EndProject
Project("{FAE04EC0-301F-11D3-BF4B-00C04F79EFBC}") = "Infrastructure", "Infrastructure\Infrastructure.csproj", "{5B5E2153-261C-4C16-9FCA-46BAE0221BE2}"
EndProject
Global
	GlobalSection(SolutionConfigurationPlatforms) = preSolution
		Debug|Any CPU = Debug|Any CPU
		Release|Any CPU = Release|Any CPU
	EndGlobalSection
	GlobalSection(ProjectConfigurationPlatforms) = postSolution
		{1D575B01-07A2-4A5E-B270-A645E9729B68}.Debug|Any CPU.ActiveCfg = Debug|Any CPU
		{1D575B01-07A2-4A5E-B270-A645E9729B68}.Debug|Any CPU.Build.0 = Debug|Any CPU
		{1D575B01-07A2-4A5E-B270-A645E9729B68}.Release|Any CPU.ActiveCfg = Release|Any CPU
		{1D575B01-07A2-4A5E-B270-A645E9729B68}.Release|Any CPU.Build.0 = Release|Any CPU
		{5B5E2153-261C-4C16-9FCA-46BAE0221BE2}.Debug|Any CPU.ActiveCfg = Debug|Any CPU
		{5B5E2153-261C-4C16-9FCA-46BAE0221BE2}.Debug|Any CPU.Build.0 = Debug|Any CPU
		{5B5E2153-261C-4C16-9FCA-46BAE0221BE2}.Release|Any CPU.ActiveCfg = Release|Any CPU
		{5B5E2153-261C-4C16-9FCA-46BAE0221BE2}.Release|Any CPU.Build.0 = Release|Any CPU
	EndGlobalSection
	GlobalSection(SolutionProperties) = preSolution
		HideSolutionNode = FALSE
	EndGlobalSection
	GlobalSection(ExtensibilityGlobals) = postSolution
		SolutionGuid = {450CE652-35DB-4D1E-A3C4-CCEC1FA64772}
	EndGlobalSection
EndGlobal
